
Microsoft Visual Studio Solution File, Format Version 12.00
# Visual Studio Version 17
VisualStudioVersion = 17.7.34031.279
MinimumVisualStudioVersion = 10.0.40219.1
Project("{8BC9CEB8-8B4A-11D0-8D11-00A0C91BC942}") = "05_Exercise", "05_Exercise.vcxproj", "{ABC34E12-2F61-4051-96AD-3EAF6F0603D1}"
EndProject
Global
	GlobalSection(SolutionConfigurationPlatforms) = preSolution
		Debug|x64 = Debug|x64
		Debug|x86 = Debug|x86
		Release|x64 = Release|x64
		Release|x86 = Release|x86
	EndGlobalSection
	GlobalSection(ProjectConfigurationPlatforms) = postSolution
		{ABC34E12-2F61-4051-96AD-3EAF6F0603D1}.Debug|x64.ActiveCfg = Debug|x64
		{ABC34E12-2F61-4051-96AD-3EAF6F0603D1}.Debug|x64.Build.0 = Debug|x64
		{ABC34E12-2F61-4051-96AD-3EAF6F0603D1}.Debug|x86.ActiveCfg = Debug|Win32
		{ABC34E12-2F61-4051-96AD-3EAF6F0603D1}.Debug|x86.Build.0 = Debug|Win32
		{ABC34E12-2F61-4051-96AD-3EAF6F0603D1}.Release|x64.ActiveCfg = Release|x64
		{ABC34E12-2F61-4051-96AD-3EAF6F0603D1}.Release|x64.Build.0 = Release|x64
		{ABC34E12-2F61-4051-96AD-3EAF6F0603D1}.Release|x86.ActiveCfg = Release|Win32
		{ABC34E12-2F61-4051-96AD-3EAF6F0603D1}.Release|x86.Build.0 = Release|Win32
	EndGlobalSection
	GlobalSection(SolutionProperties) = preSolution
		HideSolutionNode = FALSE
	EndGlobalSection
	GlobalSection(ExtensibilityGlobals) = postSolution
		SolutionGuid = {2A2D84B8-63AC-4C8F-A3C5-2442BD256C3F}
	EndGlobalSection
EndGlobal
