
Microsoft Visual Studio Solution File, Format Version 12.00
# Visual Studio Version 17
VisualStudioVersion = 17.11.35327.3
MinimumVisualStudioVersion = 10.0.40219.1
Project("{8BC9CEB8-8B4A-11D0-8D11-00A0C91BC942}") = "02_Exercise", "02_Exercise.vcxproj", "{30C33F71-9C6B-45CF-8EDA-46864D87055B}"
EndProject
Global
	GlobalSection(SolutionConfigurationPlatforms) = preSolution
		Debug|x64 = Debug|x64
		Debug|x86 = Debug|x86
		Release|x64 = Release|x64
		Release|x86 = Release|x86
	EndGlobalSection
	GlobalSection(ProjectConfigurationPlatforms) = postSolution
		{30C33F71-9C6B-45CF-8EDA-46864D87055B}.Debug|x64.ActiveCfg = Debug|x64
		{30C33F71-9C6B-45CF-8EDA-46864D87055B}.Debug|x64.Build.0 = Debug|x64
		{30C33F71-9C6B-45CF-8EDA-46864D87055B}.Debug|x86.ActiveCfg = Debug|Win32
		{30C33F71-9C6B-45CF-8EDA-46864D87055B}.Debug|x86.Build.0 = Debug|Win32
		{30C33F71-9C6B-45CF-8EDA-46864D87055B}.Release|x64.ActiveCfg = Release|x64
		{30C33F71-9C6B-45CF-8EDA-46864D87055B}.Release|x64.Build.0 = Release|x64
		{30C33F71-9C6B-45CF-8EDA-46864D87055B}.Release|x86.ActiveCfg = Release|Win32
		{30C33F71-9C6B-45CF-8EDA-46864D87055B}.Release|x86.Build.0 = Release|Win32
	EndGlobalSection
	GlobalSection(SolutionProperties) = preSolution
		HideSolutionNode = FALSE
	EndGlobalSection
	GlobalSection(ExtensibilityGlobals) = postSolution
		SolutionGuid = {D5ECF2CD-A0CA-49EE-83F2-B45900AB6F24}
	EndGlobalSection
EndGlobal
