
Microsoft Visual Studio Solution File, Format Version 12.00
# Visual Studio Version 17
VisualStudioVersion = 17.10.35027.167
MinimumVisualStudioVersion = 10.0.40219.1
Project("{8BC9CEB8-8B4A-11D0-8D11-00A0C91BC942}") = "11_Exercise", "11_Exercise.vcxproj", "{543CF5BC-9E26-47A1-842B-7EAA32CD99C0}"
EndProject
Global
	GlobalSection(SolutionConfigurationPlatforms) = preSolution
		Debug|x64 = Debug|x64
		Debug|x86 = Debug|x86
		Release|x64 = Release|x64
		Release|x86 = Release|x86
	EndGlobalSection
	GlobalSection(ProjectConfigurationPlatforms) = postSolution
		{543CF5BC-9E26-47A1-842B-7EAA32CD99C0}.Debug|x64.ActiveCfg = Debug|x64
		{543CF5BC-9E26-47A1-842B-7EAA32CD99C0}.Debug|x64.Build.0 = Debug|x64
		{543CF5BC-9E26-47A1-842B-7EAA32CD99C0}.Debug|x86.ActiveCfg = Debug|Win32
		{543CF5BC-9E26-47A1-842B-7EAA32CD99C0}.Debug|x86.Build.0 = Debug|Win32
		{543CF5BC-9E26-47A1-842B-7EAA32CD99C0}.Release|x64.ActiveCfg = Release|x64
		{543CF5BC-9E26-47A1-842B-7EAA32CD99C0}.Release|x64.Build.0 = Release|x64
		{543CF5BC-9E26-47A1-842B-7EAA32CD99C0}.Release|x86.ActiveCfg = Release|Win32
		{543CF5BC-9E26-47A1-842B-7EAA32CD99C0}.Release|x86.Build.0 = Release|Win32
	EndGlobalSection
	GlobalSection(SolutionProperties) = preSolution
		HideSolutionNode = FALSE
	EndGlobalSection
	GlobalSection(ExtensibilityGlobals) = postSolution
		SolutionGuid = {E340554D-538A-4800-A753-4892EB943C9B}
	EndGlobalSection
EndGlobal
