
Microsoft Visual Studio Solution File, Format Version 12.00
# Visual Studio Version 17
VisualStudioVersion = 17.8.34330.188
MinimumVisualStudioVersion = 10.0.40219.1
Project("{8BC9CEB8-8B4A-11D0-8D11-00A0C91BC942}") = "13_Exercise", "13_Exercise.vcxproj", "{7E3EA7AF-2748-48FB-9605-09556AB8ED0A}"
EndProject
Global
	GlobalSection(SolutionConfigurationPlatforms) = preSolution
		Debug|x64 = Debug|x64
		Debug|x86 = Debug|x86
		Release|x64 = Release|x64
		Release|x86 = Release|x86
	EndGlobalSection
	GlobalSection(ProjectConfigurationPlatforms) = postSolution
		{7E3EA7AF-2748-48FB-9605-09556AB8ED0A}.Debug|x64.ActiveCfg = Debug|x64
		{7E3EA7AF-2748-48FB-9605-09556AB8ED0A}.Debug|x64.Build.0 = Debug|x64
		{7E3EA7AF-2748-48FB-9605-09556AB8ED0A}.Debug|x86.ActiveCfg = Debug|Win32
		{7E3EA7AF-2748-48FB-9605-09556AB8ED0A}.Debug|x86.Build.0 = Debug|Win32
		{7E3EA7AF-2748-48FB-9605-09556AB8ED0A}.Release|x64.ActiveCfg = Release|x64
		{7E3EA7AF-2748-48FB-9605-09556AB8ED0A}.Release|x64.Build.0 = Release|x64
		{7E3EA7AF-2748-48FB-9605-09556AB8ED0A}.Release|x86.ActiveCfg = Release|Win32
		{7E3EA7AF-2748-48FB-9605-09556AB8ED0A}.Release|x86.Build.0 = Release|Win32
	EndGlobalSection
	GlobalSection(SolutionProperties) = preSolution
		HideSolutionNode = FALSE
	EndGlobalSection
	GlobalSection(ExtensibilityGlobals) = postSolution
		SolutionGuid = {3B4D54C6-1E74-4665-839E-1DE81003C719}
	EndGlobalSection
EndGlobal
