
Microsoft Visual Studio Solution File, Format Version 12.00
# Visual Studio Version 17
VisualStudioVersion = 17.8.34330.188
MinimumVisualStudioVersion = 10.0.40219.1
Project("{8BC9CEB8-8B4A-11D0-8D11-00A0C91BC942}") = "12_Exercise", "12_Exercise.vcxproj", "{A52F2450-3C83-4A1D-BA66-156DFE211E5F}"
EndProject
Global
	GlobalSection(SolutionConfigurationPlatforms) = preSolution
		Debug|x64 = Debug|x64
		Debug|x86 = Debug|x86
		Release|x64 = Release|x64
		Release|x86 = Release|x86
	EndGlobalSection
	GlobalSection(ProjectConfigurationPlatforms) = postSolution
		{A52F2450-3C83-4A1D-BA66-156DFE211E5F}.Debug|x64.ActiveCfg = Debug|x64
		{A52F2450-3C83-4A1D-BA66-156DFE211E5F}.Debug|x64.Build.0 = Debug|x64
		{A52F2450-3C83-4A1D-BA66-156DFE211E5F}.Debug|x86.ActiveCfg = Debug|Win32
		{A52F2450-3C83-4A1D-BA66-156DFE211E5F}.Debug|x86.Build.0 = Debug|Win32
		{A52F2450-3C83-4A1D-BA66-156DFE211E5F}.Release|x64.ActiveCfg = Release|x64
		{A52F2450-3C83-4A1D-BA66-156DFE211E5F}.Release|x64.Build.0 = Release|x64
		{A52F2450-3C83-4A1D-BA66-156DFE211E5F}.Release|x86.ActiveCfg = Release|Win32
		{A52F2450-3C83-4A1D-BA66-156DFE211E5F}.Release|x86.Build.0 = Release|Win32
	EndGlobalSection
	GlobalSection(SolutionProperties) = preSolution
		HideSolutionNode = FALSE
	EndGlobalSection
	GlobalSection(ExtensibilityGlobals) = postSolution
		SolutionGuid = {E446CF0B-682D-4C4F-AFB5-48698E1CB786}
	EndGlobalSection
EndGlobal
