
Microsoft Visual Studio Solution File, Format Version 12.00
# Visual Studio Version 17
VisualStudioVersion = 17.7.34031.279
MinimumVisualStudioVersion = 10.0.40219.1
Project("{8BC9CEB8-8B4A-11D0-8D11-00A0C91BC942}") = "TryThis01", "TryThis01.vcxproj", "{2BA18DC2-76D8-488C-B32F-B72EE91B7696}"
EndProject
Global
	GlobalSection(SolutionConfigurationPlatforms) = preSolution
		Debug|x64 = Debug|x64
		Debug|x86 = Debug|x86
		Release|x64 = Release|x64
		Release|x86 = Release|x86
	EndGlobalSection
	GlobalSection(ProjectConfigurationPlatforms) = postSolution
		{2BA18DC2-76D8-488C-B32F-B72EE91B7696}.Debug|x64.ActiveCfg = Debug|x64
		{2BA18DC2-76D8-488C-B32F-B72EE91B7696}.Debug|x64.Build.0 = Debug|x64
		{2BA18DC2-76D8-488C-B32F-B72EE91B7696}.Debug|x86.ActiveCfg = Debug|Win32
		{2BA18DC2-76D8-488C-B32F-B72EE91B7696}.Debug|x86.Build.0 = Debug|Win32
		{2BA18DC2-76D8-488C-B32F-B72EE91B7696}.Release|x64.ActiveCfg = Release|x64
		{2BA18DC2-76D8-488C-B32F-B72EE91B7696}.Release|x64.Build.0 = Release|x64
		{2BA18DC2-76D8-488C-B32F-B72EE91B7696}.Release|x86.ActiveCfg = Release|Win32
		{2BA18DC2-76D8-488C-B32F-B72EE91B7696}.Release|x86.Build.0 = Release|Win32
	EndGlobalSection
	GlobalSection(SolutionProperties) = preSolution
		HideSolutionNode = FALSE
	EndGlobalSection
	GlobalSection(ExtensibilityGlobals) = postSolution
		SolutionGuid = {A3E71995-FC79-4857-BF11-BD88962FA359}
	EndGlobalSection
EndGlobal
